
Microsoft Visual Studio Solution File, Format Version 12.00
Project("{FAE04EC0-301F-11D3-BF4B-00C04F79EFBC}") = "ProjetBlazor", "ProjetBlazor\ProjetBlazor.csproj", "{4F3C8E24-512E-4A61-9DEB-DCD3C23611A8}"
EndProject
Global
	GlobalSection(SolutionConfigurationPlatforms) = preSolution
		Debug|Any CPU = Debug|Any CPU
		Release|Any CPU = Release|Any CPU
	EndGlobalSection
	GlobalSection(ProjectConfigurationPlatforms) = postSolution
		{4F3C8E24-512E-4A61-9DEB-DCD3C23611A8}.Debug|Any CPU.ActiveCfg = Debug|Any CPU
		{4F3C8E24-512E-4A61-9DEB-DCD3C23611A8}.Debug|Any CPU.Build.0 = Debug|Any CPU
		{4F3C8E24-512E-4A61-9DEB-DCD3C23611A8}.Release|Any CPU.ActiveCfg = Release|Any CPU
		{4F3C8E24-512E-4A61-9DEB-DCD3C23611A8}.Release|Any CPU.Build.0 = Release|Any CPU
	EndGlobalSection
EndGlobal
